# This file is automatically @generated by Cargo.
# It is not intended for manual editing.
version = 3

[[package]]
name = "libc"
version = "0.2.171"
source = "registry+https://github.com/rust-lang/crates.io-index"
checksum = "c19937216e9d3aa9956d9bb8dfc0b0c8beb6058fc4f7a4dc4d850edf86a237d6"

[[package]]
name = "libz-rs-sys"
version = "0.6.5"
dependencies = [
 "libc",
 "zlib-rs",
]

[[package]]
name = "zlib-rs"
version = "0.6.5"
source = "registry+https://github.com/rust-lang/crates.io-index"
checksum = "5431d5661c32445236631278f27946e444ddafe4684cac70b185272d4f9c52d5"
